
Microsoft Visual Studio Solution File, Format Version 12.00
# Visual Studio Version 17
VisualStudioVersion = 17.14.36203.30 d17.14
MinimumVisualStudioVersion = 10.0.40219.1
Project("{FAE04EC0-301F-11D3-BF4B-00C04F79EFBC}") = "fukuv0613", "fukuv0613\fukuv0613.csproj", "{419E2357-2977-4DE1-B6BC-DED618C0D0E8}"
EndProject
Global
	GlobalSection(SolutionConfigurationPlatforms) = preSolution
		Debug|Any CPU = Debug|Any CPU
		Release|Any CPU = Release|Any CPU
	EndGlobalSection
	GlobalSection(ProjectConfigurationPlatforms) = postSolution
		{419E2357-2977-4DE1-B6BC-DED618C0D0E8}.Debug|Any CPU.ActiveCfg = Debug|Any CPU
		{419E2357-2977-4DE1-B6BC-DED618C0D0E8}.Debug|Any CPU.Build.0 = Debug|Any CPU
		{419E2357-2977-4DE1-B6BC-DED618C0D0E8}.Release|Any CPU.ActiveCfg = Release|Any CPU
		{419E2357-2977-4DE1-B6BC-DED618C0D0E8}.Release|Any CPU.Build.0 = Release|Any CPU
	EndGlobalSection
	GlobalSection(SolutionProperties) = preSolution
		HideSolutionNode = FALSE
	EndGlobalSection
	GlobalSection(ExtensibilityGlobals) = postSolution
		SolutionGuid = {7A22D908-D463-4993-9D96-B1A86263C8A5}
	EndGlobalSection
EndGlobal
